
Microsoft Visual Studio Solution File, Format Version 12.00
# Visual Studio Version 16
VisualStudioVersion = 16.0.30907.101
MinimumVisualStudioVersion = 10.0.40219.1
Project("{FAE04EC0-301F-11D3-BF4B-00C04F79EFBC}") = "SQS.Fornecedor", "SQS.Fornecedor\SQS.Fornecedor.csproj", "{59E80B4A-65D1-4517-AC61-235525F11890}"
EndProject
Project("{FAE04EC0-301F-11D3-BF4B-00C04F79EFBC}") = "SQS.Consumidor", "SQS.Consumidor\SQS.Consumidor.csproj", "{F66CABC4-1A46-4231-A208-037D25FBE07E}"
EndProject
Global
	GlobalSection(SolutionConfigurationPlatforms) = preSolution
		Debug|Any CPU = Debug|Any CPU
		Release|Any CPU = Release|Any CPU
	EndGlobalSection
	GlobalSection(ProjectConfigurationPlatforms) = postSolution
		{59E80B4A-65D1-4517-AC61-235525F11890}.Debug|Any CPU.ActiveCfg = Debug|Any CPU
		{59E80B4A-65D1-4517-AC61-235525F11890}.Debug|Any CPU.Build.0 = Debug|Any CPU
		{59E80B4A-65D1-4517-AC61-235525F11890}.Release|Any CPU.ActiveCfg = Release|Any CPU
		{59E80B4A-65D1-4517-AC61-235525F11890}.Release|Any CPU.Build.0 = Release|Any CPU
		{F66CABC4-1A46-4231-A208-037D25FBE07E}.Debug|Any CPU.ActiveCfg = Debug|Any CPU
		{F66CABC4-1A46-4231-A208-037D25FBE07E}.Debug|Any CPU.Build.0 = Debug|Any CPU
		{F66CABC4-1A46-4231-A208-037D25FBE07E}.Release|Any CPU.ActiveCfg = Release|Any CPU
		{F66CABC4-1A46-4231-A208-037D25FBE07E}.Release|Any CPU.Build.0 = Release|Any CPU
	EndGlobalSection
	GlobalSection(SolutionProperties) = preSolution
		HideSolutionNode = FALSE
	EndGlobalSection
	GlobalSection(ExtensibilityGlobals) = postSolution
		SolutionGuid = {6E934008-42FE-46D3-A82A-68C37332101E}
	EndGlobalSection
EndGlobal
